
Microsoft Visual Studio Solution File, Format Version 12.00
# Visual Studio Version 17
VisualStudioVersion = 17.0.32112.339
MinimumVisualStudioVersion = 10.0.40219.1
Project("{8BC9CEB8-8B4A-11D0-8D11-00A0C91BC942}") = "Container", "Container\Container.vcxproj", "{AE3395FB-5F21-4C99-A035-9A943F8B7116}"
EndProject
Global
	GlobalSection(SolutionConfigurationPlatforms) = preSolution
		Debug|x64 = Debug|x64
		Debug|x86 = Debug|x86
		Release|x64 = Release|x64
		Release|x86 = Release|x86
	EndGlobalSection
	GlobalSection(ProjectConfigurationPlatforms) = postSolution
		{AE3395FB-5F21-4C99-A035-9A943F8B7116}.Debug|x64.ActiveCfg = Debug|x64
		{AE3395FB-5F21-4C99-A035-9A943F8B7116}.Debug|x64.Build.0 = Debug|x64
		{AE3395FB-5F21-4C99-A035-9A943F8B7116}.Debug|x86.ActiveCfg = Debug|Win32
		{AE3395FB-5F21-4C99-A035-9A943F8B7116}.Debug|x86.Build.0 = Debug|Win32
		{AE3395FB-5F21-4C99-A035-9A943F8B7116}.Release|x64.ActiveCfg = Release|x64
		{AE3395FB-5F21-4C99-A035-9A943F8B7116}.Release|x64.Build.0 = Release|x64
		{AE3395FB-5F21-4C99-A035-9A943F8B7116}.Release|x86.ActiveCfg = Release|Win32
		{AE3395FB-5F21-4C99-A035-9A943F8B7116}.Release|x86.Build.0 = Release|Win32
	EndGlobalSection
	GlobalSection(SolutionProperties) = preSolution
		HideSolutionNode = FALSE
	EndGlobalSection
	GlobalSection(ExtensibilityGlobals) = postSolution
		SolutionGuid = {92DD9A69-9D5A-41D0-956E-37902E51B010}
	EndGlobalSection
EndGlobal
